<Solution>
  <Configurations>
    <BuildType Name="Debug" />
    <BuildType Name="EOS_PLATFORM_WINDOWS_64" />
    <BuildType Name="Release" />
  </Configurations>
  <Project Path="FLB_API/FLB_API.csproj" />
  <Project Path="FusionAPI/FusionAPI.csproj">
    <BuildType Solution="EOS_PLATFORM_WINDOWS_64|*" Project="Release" />
  </Project>
</Solution>
